
Microsoft Visual Studio Solution File, Format Version 12.00
# Visual Studio Version 16
VisualStudioVersion = 16.0.32413.511
MinimumVisualStudioVersion = 10.0.40219.1
Project("{FAE04EC0-301F-11D3-BF4B-00C04F79EFBC}") = "LINQ", "LINQ.csproj", "{79AF6125-071A-47CF-B850-A43C425A1A9B}"
EndProject
Global
	GlobalSection(SolutionConfigurationPlatforms) = preSolution
		Debug|Any CPU = Debug|Any CPU
		Release|Any CPU = Release|Any CPU
	EndGlobalSection
	GlobalSection(ProjectConfigurationPlatforms) = postSolution
		{79AF6125-071A-47CF-B850-A43C425A1A9B}.Debug|Any CPU.ActiveCfg = Debug|Any CPU
		{79AF6125-071A-47CF-B850-A43C425A1A9B}.Debug|Any CPU.Build.0 = Debug|Any CPU
		{79AF6125-071A-47CF-B850-A43C425A1A9B}.Release|Any CPU.ActiveCfg = Release|Any CPU
		{79AF6125-071A-47CF-B850-A43C425A1A9B}.Release|Any CPU.Build.0 = Release|Any CPU
	EndGlobalSection
	GlobalSection(SolutionProperties) = preSolution
		HideSolutionNode = FALSE
	EndGlobalSection
	GlobalSection(ExtensibilityGlobals) = postSolution
		SolutionGuid = {16EEA44A-2264-4CC2-AE64-8EB97036FECF}
	EndGlobalSection
EndGlobal
